// !$*UTF8*$!
{
	archiveVersion = 1;
	classes = {
	};
	objectVersion = 50;
	objects = {

/* Begin PBXBuildFile section */
		F0FBD49C22C5A75E0058B5DA /* AppDelegate.swift in Sources */ = {isa = PBXBuildFile; fileRef = F0FBD49B22C5A75E0058B5DA /* AppDelegate.swift */; };
		F0FBD49E22C5A75E0058B5DA /* ViewController.swift in Sources */ = {isa = PBXBuildFile; fileRef = F0FBD49D22C5A75E0058B5DA /* ViewController.swift */; };
		F0FBD4A122C5A75E0058B5DA /* Main.storyboard in Resources */ = {isa = PBXBuildFile; fileRef = F0FBD49F22C5A75E0058B5DA /* Main.storyboard */; };
		F0FBD4A422C5A75E0058B5DA /* ReSwiftSample.xcdatamodeld in Sources */ = {isa = PBXBuildFile; fileRef = F0FBD4A222C5A75E0058B5DA /* ReSwiftSample.xcdatamodeld */; };
		F0FBD4A622C5A75F0058B5DA /* Assets.xcassets in Resources */ = {isa = PBXBuildFile; fileRef = F0FBD4A522C5A75F0058B5DA /* Assets.xcassets */; };
		F0FBD4A922C5A75F0058B5DA /* LaunchScreen.storyboard in Resources */ = {isa = PBXBuildFile; fileRef = F0FBD4A722C5A75F0058B5DA /* LaunchScreen.storyboard */; };
		F0FBD4B422C5A75F0058B5DA /* ReSwiftSampleTests.swift in Sources */ = {isa = PBXBuildFile; fileRef = F0FBD4B322C5A75F0058B5DA /* ReSwiftSampleTests.swift */; };
		F0FBD4BF22C5A75F0058B5DA /* ReSwiftSampleUITests.swift in Sources */ = {isa = PBXBuildFile; fileRef = F0FBD4BE22C5A75F0058B5DA /* ReSwiftSampleUITests.swift */; };
/* End PBXBuildFile section */

/* Begin PBXContainerItemProxy section */
		F0FBD4B022C5A75F0058B5DA /* PBXContainerItemProxy */ = {
			isa = PBXContainerItemProxy;
			containerPortal = F0FBD49022C5A75E0058B5DA /* Project object */;
			proxyType = 1;
			remoteGlobalIDString = F0FBD49722C5A75E0058B5DA;
			remoteInfo = ReSwiftSample;
		};
		F0FBD4BB22C5A75F0058B5DA /* PBXContainerItemProxy */ = {
			isa = PBXContainerItemProxy;
			containerPortal = F0FBD49022C5A75E0058B5DA /* Project object */;
			proxyType = 1;
			remoteGlobalIDString = F0FBD49722C5A75E0058B5DA;
			remoteInfo = ReSwiftSample;
		};
/* End PBXContainerItemProxy section */

/* Begin PBXFileReference section */
		F0FBD49822C5A75E0058B5DA /* ReSwiftSample.app */ = {isa = PBXFileReference; explicitFileType = wrapper.application; includeInIndex = 0; path = ReSwiftSample.app; sourceTree = BUILT_PRODUCTS_DIR; };
		F0FBD49B22C5A75E0058B5DA /* AppDelegate.swift */ = {isa = PBXFileReference; lastKnownFileType = sourcecode.swift; path = AppDelegate.swift; sourceTree = "<group>"; };
		F0FBD49D22C5A75E0058B5DA /* ViewController.swift */ = {isa = PBXFileReference; lastKnownFileType = sourcecode.swift; path = ViewController.swift; sourceTree = "<group>"; };
		F0FBD4A022C5A75E0058B5DA /* Base */ = {isa = PBXFileReference; lastKnownFileType = file.storyboard; name = Base; path = Base.lproj/Main.storyboard; sourceTree = "<group>"; };
		F0FBD4A322C5A75E0058B5DA /* ReSwiftSample.xcdatamodel */ = {isa = PBXFileReference; lastKnownFileType = wrapper.xcdatamodel; path = ReSwiftSample.xcdatamodel; sourceTree = "<group>"; };
		F0FBD4A522C5A75F0058B5DA /* Assets.xcassets */ = {isa = PBXFileReference; lastKnownFileType = folder.assetcatalog; path = Assets.xcassets; sourceTree = "<group>"; };
		F0FBD4A822C5A75F0058B5DA /* Base */ = {isa = PBXFileReference; lastKnownFileType = file.storyboard; name = Base; path = Base.lproj/LaunchScreen.storyboard; sourceTree = "<group>"; };
		F0FBD4AA22C5A75F0058B5DA /* Info.plist */ = {isa = PBXFileReference; lastKnownFileType = text.plist.xml; path = Info.plist; sourceTree = "<group>"; };
		F0FBD4AF22C5A75F0058B5DA /* ReSwiftSampleTests.xctest */ = {isa = PBXFileReference; explicitFileType = wrapper.cfbundle; includeInIndex = 0; path = ReSwiftSampleTests.xctest; sourceTree = BUILT_PRODUCTS_DIR; };
		F0FBD4B322C5A75F0058B5DA /* ReSwiftSampleTests.swift */ = {isa = PBXFileReference; lastKnownFileType = sourcecode.swift; path = ReSwiftSampleTests.swift; sourceTree = "<group>"; };
		F0FBD4B522C5A75F0058B5DA /* Info.plist */ = {isa = PBXFileReference; lastKnownFileType = text.plist.xml; path = Info.plist; sourceTree = "<group>"; };
		F0FBD4BA22C5A75F0058B5DA /* ReSwiftSampleUITests.xctest */ = {isa = PBXFileReference; explicitFileType = wrapper.cfbundle; includeInIndex = 0; path = ReSwiftSampleUITests.xctest; sourceTree = BUILT_PRODUCTS_DIR; };
		F0FBD4BE22C5A75F0058B5DA /* ReSwiftSampleUITests.swift */ = {isa = PBXFileReference; lastKnownFileType = sourcecode.swift; path = ReSwiftSampleUITests.swift; sourceTree = "<group>"; };
		F0FBD4C022C5A75F0058B5DA /* Info.plist */ = {isa = PBXFileReference; lastKnownFileType = text.plist.xml; path = Info.plist; sourceTree = "<group>"; };
/* End PBXFileReference section */

/* Begin PBXFrameworksBuildPhase section */
		F0FBD49522C5A75E0058B5DA /* Frameworks */ = {
			isa = PBXFrameworksBuildPhase;
			buildActionMask = 2147483647;
			files = (
			);
			runOnlyForDeploymentPostprocessing = 0;
		};
		F0FBD4AC22C5A75F0058B5DA /* Frameworks */ = {
			isa = PBXFrameworksBuildPhase;
			buildActionMask = 2147483647;
			files = (
			);
			runOnlyForDeploymentPostprocessing = 0;
		};
		F0FBD4B722C5A75F0058B5DA /* Frameworks */ = {
			isa = PBXFrameworksBuildPhase;
			buildActionMask = 2147483647;
			files = (
			);
			runOnlyForDeploymentPostprocessing = 0;
		};
/* End PBXFrameworksBuildPhase section */

/* Begin PBXGroup section */
		F0FBD48F22C5A75E0058B5DA = {
			isa = PBXGroup;
			children = (
				F0FBD49A22C5A75E0058B5DA /* ReSwiftSample */,
				F0FBD4B222C5A75F0058B5DA /* ReSwiftSampleTests */,
				F0FBD4BD22C5A75F0058B5DA /* ReSwiftSampleUITests */,
				F0FBD49922C5A75E0058B5DA /* Products */,
			);
			sourceTree = "<group>";
		};
		F0FBD49922C5A75E0058B5DA /* Products */ = {
			isa = PBXGroup;
			children = (
				F0FBD49822C5A75E0058B5DA /* ReSwiftSample.app */,
				F0FBD4AF22C5A75F0058B5DA /* ReSwiftSampleTests.xctest */,
				F0FBD4BA22C5A75F0058B5DA /* ReSwiftSampleUITests.xctest */,
			);
			name = Products;
			sourceTree = "<group>";
		};
		F0FBD49A22C5A75E0058B5DA /* ReSwiftSample */ = {
			isa = PBXGroup;
			children = (
				F0FBD49B22C5A75E0058B5DA /* AppDelegate.swift */,
				F0FBD49D22C5A75E0058B5DA /* ViewController.swift */,
				F0FBD49F22C5A75E0058B5DA /* Main.storyboard */,
				F0FBD4A522C5A75F0058B5DA /* Assets.xcassets */,
				F0FBD4A722C5A75F0058B5DA /* LaunchScreen.storyboard */,
				F0FBD4AA22C5A75F0058B5DA /* Info.plist */,
				F0FBD4A222C5A75E0058B5DA /* ReSwiftSample.xcdatamodeld */,
			);
			path = ReSwiftSample;
			sourceTree = "<group>";
		};
		F0FBD4B222C5A75F0058B5DA /* ReSwiftSampleTests */ = {
			isa = PBXGroup;
			children = (
				F0FBD4B322C5A75F0058B5DA /* ReSwiftSampleTests.swift */,
				F0FBD4B522C5A75F0058B5DA /* Info.plist */,
			);
			path = ReSwiftSampleTests;
			sourceTree = "<group>";
		};
		F0FBD4BD22C5A75F0058B5DA /* ReSwiftSampleUITests */ = {
			isa = PBXGroup;
			children = (
				F0FBD4BE22C5A75F0058B5DA /* ReSwiftSampleUITests.swift */,
				F0FBD4C022C5A75F0058B5DA /* Info.plist */,
			);
			path = ReSwiftSampleUITests;
			sourceTree = "<group>";
		};
/* End PBXGroup section */

/* Begin PBXNativeTarget section */
		F0FBD49722C5A75E0058B5DA /* ReSwiftSample */ = {
			isa = PBXNativeTarget;
			buildConfigurationList = F0FBD4C322C5A75F0058B5DA /* Build configuration list for PBXNativeTarget "ReSwiftSample" */;
			buildPhases = (
				F0FBD49422C5A75E0058B5DA /* Sources */,
				F0FBD49522C5A75E0058B5DA /* Frameworks */,
				F0FBD49622C5A75E0058B5DA /* Resources */,
			);
			buildRules = (
			);
			dependencies = (
			);
			name = ReSwiftSample;
			productName = ReSwiftSample;
			productReference = F0FBD49822C5A75E0058B5DA /* ReSwiftSample.app */;
			productType = "com.apple.product-type.application";
		};
		F0FBD4AE22C5A75F0058B5DA /* ReSwiftSampleTests */ = {
			isa = PBXNativeTarget;
			buildConfigurationList = F0FBD4C622C5A75F0058B5DA /* Build configuration list for PBXNativeTarget "ReSwiftSampleTests" */;
			buildPhases = (
				F0FBD4AB22C5A75F0058B5DA /* Sources */,
				F0FBD4AC22C5A75F0058B5DA /* Frameworks */,
				F0FBD4AD22C5A75F0058B5DA /* Resources */,
			);
			buildRules = (
			);
			dependencies = (
				F0FBD4B122C5A75F0058B5DA /* PBXTargetDependency */,
			);
			name = ReSwiftSampleTests;
			productName = ReSwiftSampleTests;
			productReference = F0FBD4AF22C5A75F0058B5DA /* ReSwiftSampleTests.xctest */;
			productType = "com.apple.product-type.bundle.unit-test";
		};
		F0FBD4B922C5A75F0058B5DA /* ReSwiftSampleUITests */ = {
			isa = PBXNativeTarget;
			buildConfigurationList = F0FBD4C922C5A75F0058B5DA /* Build configuration list for PBXNativeTarget "ReSwiftSampleUITests" */;
			buildPhases = (
				F0FBD4B622C5A75F0058B5DA /* Sources */,
				F0FBD4B722C5A75F0058B5DA /* Frameworks */,
				F0FBD4B822C5A75F0058B5DA /* Resources */,
			);
			buildRules = (
			);
			dependencies = (
				F0FBD4BC22C5A75F0058B5DA /* PBXTargetDependency */,
			);
			name = ReSwiftSampleUITests;
			productName = ReSwiftSampleUITests;
			productReference = F0FBD4BA22C5A75F0058B5DA /* ReSwiftSampleUITests.xctest */;
			productType = "com.apple.product-type.bundle.ui-testing";
		};
/* End PBXNativeTarget section */

/* Begin PBXProject section */
		F0FBD49022C5A75E0058B5DA /* Project object */ = {
			isa = PBXProject;
			attributes = {
				LastSwiftUpdateCheck = 1020;
				LastUpgradeCheck = 1020;
				ORGANIZATIONNAME = hyeongkyu;
				TargetAttributes = {
					F0FBD49722C5A75E0058B5DA = {
						CreatedOnToolsVersion = 10.2.1;
					};
					F0FBD4AE22C5A75F0058B5DA = {
						CreatedOnToolsVersion = 10.2.1;
						TestTargetID = F0FBD49722C5A75E0058B5DA;
					};
					F0FBD4B922C5A75F0058B5DA = {
						CreatedOnToolsVersion = 10.2.1;
						TestTargetID = F0FBD49722C5A75E0058B5DA;
					};
				};
			};
			buildConfigurationList = F0FBD49322C5A75E0058B5DA /* Build configuration list for PBXProject "ReSwiftSample" */;
			compatibilityVersion = "Xcode 9.3";
			developmentRegion = en;
			hasScannedForEncodings = 0;
			knownRegions = (
				en,
				Base,
			);
			mainGroup = F0FBD48F22C5A75E0058B5DA;
			productRefGroup = F0FBD49922C5A75E0058B5DA /* Products */;
			projectDirPath = "";
			projectRoot = "";
			targets = (
				F0FBD49722C5A75E0058B5DA /* ReSwiftSample */,
				F0FBD4AE22C5A75F0058B5DA /* ReSwiftSampleTests */,
				F0FBD4B922C5A75F0058B5DA /* ReSwiftSampleUITests */,
			);
		};
/* End PBXProject section */

/* Begin PBXResourcesBuildPhase section */
		F0FBD49622C5A75E0058B5DA /* Resources */ = {
			isa = PBXResourcesBuildPhase;
			buildActionMask = 2147483647;
			files = (
				F0FBD4A922C5A75F0058B5DA /* LaunchScreen.storyboard in Resources */,
				F0FBD4A622C5A75F0058B5DA /* Assets.xcassets in Resources */,
				F0FBD4A122C5A75E0058B5DA /* Main.storyboard in Resources */,
			);
			runOnlyForDeploymentPostprocessing = 0;
		};
		F0FBD4AD22C5A75F0058B5DA /* Resources */ = {
			isa = PBXResourcesBuildPhase;
			buildActionMask = 2147483647;
			files = (
			);
			runOnlyForDeploymentPostprocessing = 0;
		};
		F0FBD4B822C5A75F0058B5DA /* Resources */ = {
			isa = PBXResourcesBuildPhase;
			buildActionMask = 2147483647;
			files = (
			);
			runOnlyForDeploymentPostprocessing = 0;
		};
/* End PBXResourcesBuildPhase section */

/* Begin PBXSourcesBuildPhase section */
		F0FBD49422C5A75E0058B5DA /* Sources */ = {
			isa = PBXSourcesBuildPhase;
			buildActionMask = 2147483647;
			files = (
				F0FBD49E22C5A75E0058B5DA /* ViewController.swift in Sources */,
				F0FBD4A422C5A75E0058B5DA /* ReSwiftSample.xcdatamodeld in Sources */,
				F0FBD49C22C5A75E0058B5DA /* AppDelegate.swift in Sources */,
			);
			runOnlyForDeploymentPostprocessing = 0;
		};
		F0FBD4AB22C5A75F0058B5DA /* Sources */ = {
			isa = PBXSourcesBuildPhase;
			buildActionMask = 2147483647;
			files = (
				F0FBD4B422C5A75F0058B5DA /* ReSwiftSampleTests.swift in Sources */,
			);
			runOnlyForDeploymentPostprocessing = 0;
		};
		F0FBD4B622C5A75F0058B5DA /* Sources */ = {
			isa = PBXSourcesBuildPhase;
			buildActionMask = 2147483647;
			files = (
				F0FBD4BF22C5A75F0058B5DA /* ReSwiftSampleUITests.swift in Sources */,
			);
			runOnlyForDeploymentPostprocessing = 0;
		};
/* End PBXSourcesBuildPhase section */

/* Begin PBXTargetDependency section */
		F0FBD4B122C5A75F0058B5DA /* PBXTargetDependency */ = {
			isa = PBXTargetDependency;
			target = F0FBD49722C5A75E0058B5DA /* ReSwiftSample */;
			targetProxy = F0FBD4B022C5A75F0058B5DA /* PBXContainerItemProxy */;
		};
		F0FBD4BC22C5A75F0058B5DA /* PBXTargetDependency */ = {
			isa = PBXTargetDependency;
			target = F0FBD49722C5A75E0058B5DA /* ReSwiftSample */;
			targetProxy = F0FBD4BB22C5A75F0058B5DA /* PBXContainerItemProxy */;
		};
/* End PBXTargetDependency section */

/* Begin PBXVariantGroup section */
		F0FBD49F22C5A75E0058B5DA /* Main.storyboard */ = {
			isa = PBXVariantGroup;
			children = (
				F0FBD4A022C5A75E0058B5DA /* Base */,
			);
			name = Main.storyboard;
			sourceTree = "<group>";
		};
		F0FBD4A722C5A75F0058B5DA /* LaunchScreen.storyboard */ = {
			isa = PBXVariantGroup;
			children = (
				F0FBD4A822C5A75F0058B5DA /* Base */,
			);
			name = LaunchScreen.storyboard;
			sourceTree = "<group>";
		};
/* End PBXVariantGroup section */

/* Begin XCBuildConfiguration section */
		F0FBD4C122C5A75F0058B5DA /* Debug */ = {
			isa = XCBuildConfiguration;
			buildSettings = {
				ALWAYS_SEARCH_USER_PATHS = NO;
				CLANG_ANALYZER_NONNULL = YES;
				CLANG_ANALYZER_NUMBER_OBJECT_CONVERSION = YES_AGGRESSIVE;
				CLANG_CXX_LANGUAGE_STANDARD = "gnu++14";
				CLANG_CXX_LIBRARY = "libc++";
				CLANG_ENABLE_MODULES = YES;
				CLANG_ENABLE_OBJC_ARC = YES;
				CLANG_ENABLE_OBJC_WEAK = YES;
				CLANG_WARN_BLOCK_CAPTURE_AUTORELEASING = YES;
				CLANG_WARN_BOOL_CONVERSION = YES;
				CLANG_WARN_COMMA = YES;
				CLANG_WARN_CONSTANT_CONVERSION = YES;
				CLANG_WARN_DEPRECATED_OBJC_IMPLEMENTATIONS = YES;
				CLANG_WARN_DIRECT_OBJC_ISA_USAGE = YES_ERROR;
				CLANG_WARN_DOCUMENTATION_COMMENTS = YES;
				CLANG_WARN_EMPTY_BODY = YES;
				CLANG_WARN_ENUM_CONVERSION = YES;
				CLANG_WARN_INFINITE_RECURSION = YES;
				CLANG_WARN_INT_CONVERSION = YES;
				CLANG_WARN_NON_LITERAL_NULL_CONVERSION = YES;
				CLANG_WARN_OBJC_IMPLICIT_RETAIN_SELF = YES;
				CLANG_WARN_OBJC_LITERAL_CONVERSION = YES;
				CLANG_WARN_OBJC_ROOT_CLASS = YES_ERROR;
				CLANG_WARN_RANGE_LOOP_ANALYSIS = YES;
				CLANG_WARN_STRICT_PROTOTYPES = YES;
				CLANG_WARN_SUSPICIOUS_MOVE = YES;
				CLANG_WARN_UNGUARDED_AVAILABILITY = YES_AGGRESSIVE;
				CLANG_WARN_UNREACHABLE_CODE = YES;
				CLANG_WARN__DUPLICATE_METHOD_MATCH = YES;
				CODE_SIGN_IDENTITY = "iPhone Developer";
				COPY_PHASE_STRIP = NO;
				DEBUG_INFORMATION_FORMAT = dwarf;
				ENABLE_STRICT_OBJC_MSGSEND = YES;
				ENABLE_TESTABILITY = YES;
				GCC_C_LANGUAGE_STANDARD = gnu11;
				GCC_DYNAMIC_NO_PIC = NO;
				GCC_NO_COMMON_BLOCKS = YES;
				GCC_OPTIMIZATION_LEVEL = 0;
				GCC_PREPROCESSOR_DEFINITIONS = (
					"DEBUG=1",
					"$(inherited)",
				);
				GCC_WARN_64_TO_32_BIT_CONVERSION = YES;
				GCC_WARN_ABOUT_RETURN_TYPE = YES_ERROR;
				GCC_WARN_UNDECLARED_SELECTOR = YES;
				GCC_WARN_UNINITIALIZED_AUTOS = YES_AGGRESSIVE;
				GCC_WARN_UNUSED_FUNCTION = YES;
				GCC_WARN_UNUSED_VARIABLE = YES;
				IPHONEOS_DEPLOYMENT_TARGET = 12.2;
				MTL_ENABLE_DEBUG_INFO = INCLUDE_SOURCE;
				MTL_FAST_MATH = YES;
				ONLY_ACTIVE_ARCH = YES;
				SDKROOT = iphoneos;
				SWIFT_ACTIVE_COMPILATION_CONDITIONS = DEBUG;
				SWIFT_OPTIMIZATION_LEVEL = "-Onone";
			};
			name = Debug;
		};
		F0FBD4C222C5A75F0058B5DA /* Release */ = {
			isa = XCBuildConfiguration;
			buildSettings = {
				ALWAYS_SEARCH_USER_PATHS = NO;
				CLANG_ANALYZER_NONNULL = YES;
				CLANG_ANALYZER_NUMBER_OBJECT_CONVERSION = YES_AGGRESSIVE;
				CLANG_CXX_LANGUAGE_STANDARD = "gnu++14";
				CLANG_CXX_LIBRARY = "libc++";
				CLANG_ENABLE_MODULES = YES;
				CLANG_ENABLE_OBJC_ARC = YES;
				CLANG_ENABLE_OBJC_WEAK = YES;
				CLANG_WARN_BLOCK_CAPTURE_AUTORELEASING = YES;
				CLANG_WARN_BOOL_CONVERSION = YES;
				CLANG_WARN_COMMA = YES;
				CLANG_WARN_CONSTANT_CONVERSION = YES;
				CLANG_WARN_DEPRECATED_OBJC_IMPLEMENTATIONS = YES;
				CLANG_WARN_DIRECT_OBJC_ISA_USAGE = YES_ERROR;
				CLANG_WARN_DOCUMENTATION_COMMENTS = YES;
				CLANG_WARN_EMPTY_BODY = YES;
				CLANG_WARN_ENUM_CONVERSION = YES;
				CLANG_WARN_INFINITE_RECURSION = YES;
				CLANG_WARN_INT_CONVERSION = YES;
				CLANG_WARN_NON_LITERAL_NULL_CONVERSION = YES;
				CLANG_WARN_OBJC_IMPLICIT_RETAIN_SELF = YES;
				CLANG_WARN_OBJC_LITERAL_CONVERSION = YES;
				CLANG_WARN_OBJC_ROOT_CLASS = YES_ERROR;
				CLANG_WARN_RANGE_LOOP_ANALYSIS = YES;
				CLANG_WARN_STRICT_PROTOTYPES = YES;
				CLANG_WARN_SUSPICIOUS_MOVE = YES;
				CLANG_WARN_UNGUARDED_AVAILABILITY = YES_AGGRESSIVE;
				CLANG_WARN_UNREACHABLE_CODE = YES;
				CLANG_WARN__DUPLICATE_METHOD_MATCH = YES;
				CODE_SIGN_IDENTITY = "iPhone Developer";
				COPY_PHASE_STRIP = NO;
				DEBUG_INFORMATION_FORMAT = "dwarf-with-dsym";
				ENABLE_NS_ASSERTIONS = NO;
				ENABLE_STRICT_OBJC_MSGSEND = YES;
				GCC_C_LANGUAGE_STANDARD = gnu11;
				GCC_NO_COMMON_BLOCKS = YES;
				GCC_WARN_64_TO_32_BIT_CONVERSION = YES;
				GCC_WARN_ABOUT_RETURN_TYPE = YES_ERROR;
				GCC_WARN_UNDECLARED_SELECTOR = YES;
				GCC_WARN_UNINITIALIZED_AUTOS = YES_AGGRESSIVE;
				GCC_WARN_UNUSED_FUNCTION = YES;
				GCC_WARN_UNUSED_VARIABLE = YES;
				IPHONEOS_DEPLOYMENT_TARGET = 12.2;
				MTL_ENABLE_DEBUG_INFO = NO;
				MTL_FAST_MATH = YES;
				SDKROOT = iphoneos;
				SWIFT_COMPILATION_MODE = wholemodule;
				SWIFT_OPTIMIZATION_LEVEL = "-O";
				VALIDATE_PRODUCT = YES;
			};
			name = Release;
		};
		F0FBD4C422C5A75F0058B5DA /* Debug */ = {
			isa = XCBuildConfiguration;
			buildSettings = {
				ASSETCATALOG_COMPILER_APPICON_NAME = AppIcon;
				CODE_SIGN_STYLE = Automatic;
				INFOPLIST_FILE = ReSwiftSample/Info.plist;
				LD_RUNPATH_SEARCH_PATHS = (
					"$(inherited)",
					"@executable_path/Frameworks",
				);
				PRODUCT_BUNDLE_IDENTIFIER = net.hyeongkyu.ios.ReSwiftSample;
				PRODUCT_NAME = "$(TARGET_NAME)";
				SWIFT_VERSION = 5.0;
				TARGETED_DEVICE_FAMILY = "1,2";
			};
			name = Debug;
		};
		F0FBD4C522C5A75F0058B5DA /* Release */ = {
			isa = XCBuildConfiguration;
			buildSettings = {
				ASSETCATALOG_COMPILER_APPICON_NAME = AppIcon;
				CODE_SIGN_STYLE = Automatic;
				INFOPLIST_FILE = ReSwiftSample/Info.plist;
				LD_RUNPATH_SEARCH_PATHS = (
					"$(inherited)",
					"@executable_path/Frameworks",
				);
				PRODUCT_BUNDLE_IDENTIFIER = net.hyeongkyu.ios.ReSwiftSample;
				PRODUCT_NAME = "$(TARGET_NAME)";
				SWIFT_VERSION = 5.0;
				TARGETED_DEVICE_FAMILY = "1,2";
			};
			name = Release;
		};
		F0FBD4C722C5A75F0058B5DA /* Debug */ = {
			isa = XCBuildConfiguration;
			buildSettings = {
				ALWAYS_EMBED_SWIFT_STANDARD_LIBRARIES = YES;
				BUNDLE_LOADER = "$(TEST_HOST)";
				CODE_SIGN_STYLE = Automatic;
				INFOPLIST_FILE = ReSwiftSampleTests/Info.plist;
				LD_RUNPATH_SEARCH_PATHS = (
					"$(inherited)",
					"@executable_path/Frameworks",
					"@loader_path/Frameworks",
				);
				PRODUCT_BUNDLE_IDENTIFIER = net.hyeongkyu.ios.ReSwiftSampleTests;
				PRODUCT_NAME = "$(TARGET_NAME)";
				SWIFT_VERSION = 5.0;
				TARGETED_DEVICE_FAMILY = "1,2";
				TEST_HOST = "$(BUILT_PRODUCTS_DIR)/ReSwiftSample.app/ReSwiftSample";
			};
			name = Debug;
		};
		F0FBD4C822C5A75F0058B5DA /* Release */ = {
			isa = XCBuildConfiguration;
			buildSettings = {
				ALWAYS_EMBED_SWIFT_STANDARD_LIBRARIES = YES;
				BUNDLE_LOADER = "$(TEST_HOST)";
				CODE_SIGN_STYLE = Automatic;
				INFOPLIST_FILE = ReSwiftSampleTests/Info.plist;
				LD_RUNPATH_SEARCH_PATHS = (
					"$(inherited)",
					"@executable_path/Frameworks",
					"@loader_path/Frameworks",
				);
				PRODUCT_BUNDLE_IDENTIFIER = net.hyeongkyu.ios.ReSwiftSampleTests;
				PRODUCT_NAME = "$(TARGET_NAME)";
				SWIFT_VERSION = 5.0;
				TARGETED_DEVICE_FAMILY = "1,2";
				TEST_HOST = "$(BUILT_PRODUCTS_DIR)/ReSwiftSample.app/ReSwiftSample";
			};
			name = Release;
		};
		F0FBD4CA22C5A75F0058B5DA /* Debug */ = {
			isa = XCBuildConfiguration;
			buildSettings = {
				ALWAYS_EMBED_SWIFT_STANDARD_LIBRARIES = YES;
				CODE_SIGN_STYLE = Automatic;
				INFOPLIST_FILE = ReSwiftSampleUITests/Info.plist;
				LD_RUNPATH_SEARCH_PATHS = (
					"$(inherited)",
					"@executable_path/Frameworks",
					"@loader_path/Frameworks",
				);
				PRODUCT_BUNDLE_IDENTIFIER = net.hyeongkyu.ios.ReSwiftSampleUITests;
				PRODUCT_NAME = "$(TARGET_NAME)";
				SWIFT_VERSION = 5.0;
				TARGETED_DEVICE_FAMILY = "1,2";
				TEST_TARGET_NAME = ReSwiftSample;
			};
			name = Debug;
		};
		F0FBD4CB22C5A75F0058B5DA /* Release */ = {
			isa = XCBuildConfiguration;
			buildSettings = {
				ALWAYS_EMBED_SWIFT_STANDARD_LIBRARIES = YES;
				CODE_SIGN_STYLE = Automatic;
				INFOPLIST_FILE = ReSwiftSampleUITests/Info.plist;
				LD_RUNPATH_SEARCH_PATHS = (
					"$(inherited)",
					"@executable_path/Frameworks",
					"@loader_path/Frameworks",
				);
				PRODUCT_BUNDLE_IDENTIFIER = net.hyeongkyu.ios.ReSwiftSampleUITests;
				PRODUCT_NAME = "$(TARGET_NAME)";
				SWIFT_VERSION = 5.0;
				TARGETED_DEVICE_FAMILY = "1,2";
				TEST_TARGET_NAME = ReSwiftSample;
			};
			name = Release;
		};
/* End XCBuildConfiguration section */

/* Begin XCConfigurationList section */
		F0FBD49322C5A75E0058B5DA /* Build configuration list for PBXProject "ReSwiftSample" */ = {
			isa = XCConfigurationList;
			buildConfigurations = (
				F0FBD4C122C5A75F0058B5DA /* Debug */,
				F0FBD4C222C5A75F0058B5DA /* Release */,
			);
			defaultConfigurationIsVisible = 0;
			defaultConfigurationName = Release;
		};
		F0FBD4C322C5A75F0058B5DA /* Build configuration list for PBXNativeTarget "ReSwiftSample" */ = {
			isa = XCConfigurationList;
			buildConfigurations = (
				F0FBD4C422C5A75F0058B5DA /* Debug */,
				F0FBD4C522C5A75F0058B5DA /* Release */,
			);
			defaultConfigurationIsVisible = 0;
			defaultConfigurationName = Release;
		};
		F0FBD4C622C5A75F0058B5DA /* Build configuration list for PBXNativeTarget "ReSwiftSampleTests" */ = {
			isa = XCConfigurationList;
			buildConfigurations = (
				F0FBD4C722C5A75F0058B5DA /* Debug */,
				F0FBD4C822C5A75F0058B5DA /* Release */,
			);
			defaultConfigurationIsVisible = 0;
			defaultConfigurationName = Release;
		};
		F0FBD4C922C5A75F0058B5DA /* Build configuration list for PBXNativeTarget "ReSwiftSampleUITests" */ = {
			isa = XCConfigurationList;
			buildConfigurations = (
				F0FBD4CA22C5A75F0058B5DA /* Debug */,
				F0FBD4CB22C5A75F0058B5DA /* Release */,
			);
			defaultConfigurationIsVisible = 0;
			defaultConfigurationName = Release;
		};
/* End XCConfigurationList section */

/* Begin XCVersionGroup section */
		F0FBD4A222C5A75E0058B5DA /* ReSwiftSample.xcdatamodeld */ = {
			isa = XCVersionGroup;
			children = (
				F0FBD4A322C5A75E0058B5DA /* ReSwiftSample.xcdatamodel */,
			);
			currentVersion = F0FBD4A322C5A75E0058B5DA /* ReSwiftSample.xcdatamodel */;
			path = ReSwiftSample.xcdatamodeld;
			sourceTree = "<group>";
			versionGroupType = wrapper.xcdatamodel;
		};
/* End XCVersionGroup section */
	};
	rootObject = F0FBD49022C5A75E0058B5DA /* Project object */;
}
